
Microsoft Visual Studio Solution File, Format Version 12.00
# Visual Studio Version 16
VisualStudioVersion = 16.0.29709.97
MinimumVisualStudioVersion = 10.0.40219.1
Project("{FAE04EC0-301F-11D3-BF4B-00C04F79EFBC}") = "00-ByteBank", "00-ByteBank\00-ByteBank.csproj", "{C6EBE450-8211-4214-8A06-C4B796B55BBD}"
EndProject
Global
	GlobalSection(SolutionConfigurationPlatforms) = preSolution
		Debug|Any CPU = Debug|Any CPU
		Release|Any CPU = Release|Any CPU
	EndGlobalSection
	GlobalSection(ProjectConfigurationPlatforms) = postSolution
		{C6EBE450-8211-4214-8A06-C4B796B55BBD}.Debug|Any CPU.ActiveCfg = Debug|Any CPU
		{C6EBE450-8211-4214-8A06-C4B796B55BBD}.Debug|Any CPU.Build.0 = Debug|Any CPU
		{C6EBE450-8211-4214-8A06-C4B796B55BBD}.Release|Any CPU.ActiveCfg = Release|Any CPU
		{C6EBE450-8211-4214-8A06-C4B796B55BBD}.Release|Any CPU.Build.0 = Release|Any CPU
	EndGlobalSection
	GlobalSection(SolutionProperties) = preSolution
		HideSolutionNode = FALSE
	EndGlobalSection
	GlobalSection(ExtensibilityGlobals) = postSolution
		SolutionGuid = {3E945761-57D2-4026-BD8F-144C4C38C2EB}
	EndGlobalSection
EndGlobal
